// !$*UTF8*$!
{
	archiveVersion = 1;
	classes = {
	};
	objectVersion = 48;
	objects = {

/* Begin PBXBuildFile section */
		9F0699FC2001EE18000E3573 /* TJSlideLayout.m in Sources */ = {isa = PBXBuildFile; fileRef = 9F0699FA2001EE18000E3573 /* TJSlideLayout.m */; };
		9F3D29821FFF7BB100B487A3 /* AppDelegate.m in Sources */ = {isa = PBXBuildFile; fileRef = 9F3D29811FFF7BB100B487A3 /* AppDelegate.m */; };
		9F3D298A1FFF7BB100B487A3 /* Assets.xcassets in Resources */ = {isa = PBXBuildFile; fileRef = 9F3D29891FFF7BB100B487A3 /* Assets.xcassets */; };
		9F3D298D1FFF7BB100B487A3 /* LaunchScreen.storyboard in Resources */ = {isa = PBXBuildFile; fileRef = 9F3D298B1FFF7BB100B487A3 /* LaunchScreen.storyboard */; };
		9F3D29901FFF7BB100B487A3 /* main.m in Sources */ = {isa = PBXBuildFile; fileRef = 9F3D298F1FFF7BB100B487A3 /* main.m */; };
		9F3D29981FFF7D0000B487A3 /* MainTableViewController.m in Sources */ = {isa = PBXBuildFile; fileRef = 9F3D29971FFF7D0000B487A3 /* MainTableViewController.m */; };
		9F3D299B1FFF7E7400B487A3 /* SlideCollectionViewController.m in Sources */ = {isa = PBXBuildFile; fileRef = 9F3D299A1FFF7E7400B487A3 /* SlideCollectionViewController.m */; };
		9F3D29A21FFF7F8500B487A3 /* SlideCollectionViewCell.m in Sources */ = {isa = PBXBuildFile; fileRef = 9F3D29A11FFF7F8500B487A3 /* SlideCollectionViewCell.m */; };
/* End PBXBuildFile section */

/* Begin PBXFileReference section */
		9F0699FA2001EE18000E3573 /* TJSlideLayout.m */ = {isa = PBXFileReference; fileEncoding = 4; lastKnownFileType = sourcecode.c.objc; path = TJSlideLayout.m; sourceTree = "<group>"; };
		9F0699FB2001EE18000E3573 /* TJSlideLayout.h */ = {isa = PBXFileReference; fileEncoding = 4; lastKnownFileType = sourcecode.c.h; path = TJSlideLayout.h; sourceTree = "<group>"; };
		9F3D297D1FFF7BB100B487A3 /* TJSlideCardDemo.app */ = {isa = PBXFileReference; explicitFileType = wrapper.application; includeInIndex = 0; path = TJSlideCardDemo.app; sourceTree = BUILT_PRODUCTS_DIR; };
		9F3D29801FFF7BB100B487A3 /* AppDelegate.h */ = {isa = PBXFileReference; lastKnownFileType = sourcecode.c.h; path = AppDelegate.h; sourceTree = "<group>"; };
		9F3D29811FFF7BB100B487A3 /* AppDelegate.m */ = {isa = PBXFileReference; lastKnownFileType = sourcecode.c.objc; path = AppDelegate.m; sourceTree = "<group>"; };
		9F3D29891FFF7BB100B487A3 /* Assets.xcassets */ = {isa = PBXFileReference; lastKnownFileType = folder.assetcatalog; path = Assets.xcassets; sourceTree = "<group>"; };
		9F3D298C1FFF7BB100B487A3 /* Base */ = {isa = PBXFileReference; lastKnownFileType = file.storyboard; name = Base; path = Base.lproj/LaunchScreen.storyboard; sourceTree = "<group>"; };
		9F3D298E1FFF7BB100B487A3 /* Info.plist */ = {isa = PBXFileReference; lastKnownFileType = text.plist.xml; path = Info.plist; sourceTree = "<group>"; };
		9F3D298F1FFF7BB100B487A3 /* main.m */ = {isa = PBXFileReference; lastKnownFileType = sourcecode.c.objc; path = main.m; sourceTree = "<group>"; };
		9F3D29961FFF7D0000B487A3 /* MainTableViewController.h */ = {isa = PBXFileReference; lastKnownFileType = sourcecode.c.h; path = MainTableViewController.h; sourceTree = "<group>"; };
		9F3D29971FFF7D0000B487A3 /* MainTableViewController.m */ = {isa = PBXFileReference; lastKnownFileType = sourcecode.c.objc; path = MainTableViewController.m; sourceTree = "<group>"; };
		9F3D29991FFF7E7400B487A3 /* SlideCollectionViewController.h */ = {isa = PBXFileReference; lastKnownFileType = sourcecode.c.h; path = SlideCollectionViewController.h; sourceTree = "<group>"; };
		9F3D299A1FFF7E7400B487A3 /* SlideCollectionViewController.m */ = {isa = PBXFileReference; lastKnownFileType = sourcecode.c.objc; path = SlideCollectionViewController.m; sourceTree = "<group>"; };
		9F3D29A01FFF7F8500B487A3 /* SlideCollectionViewCell.h */ = {isa = PBXFileReference; lastKnownFileType = sourcecode.c.h; path = SlideCollectionViewCell.h; sourceTree = "<group>"; };
		9F3D29A11FFF7F8500B487A3 /* SlideCollectionViewCell.m */ = {isa = PBXFileReference; lastKnownFileType = sourcecode.c.objc; path = SlideCollectionViewCell.m; sourceTree = "<group>"; };
/* End PBXFileReference section */

/* Begin PBXFrameworksBuildPhase section */
		9F3D297A1FFF7BB100B487A3 /* Frameworks */ = {
			isa = PBXFrameworksBuildPhase;
			buildActionMask = 2147483647;
			files = (
			);
			runOnlyForDeploymentPostprocessing = 0;
		};
/* End PBXFrameworksBuildPhase section */

/* Begin PBXGroup section */
		9F0699F92001EE18000E3573 /* TJSlideLayout */ = {
			isa = PBXGroup;
			children = (
				9F0699FA2001EE18000E3573 /* TJSlideLayout.m */,
				9F0699FB2001EE18000E3573 /* TJSlideLayout.h */,
			);
			name = TJSlideLayout;
			path = ../TJSlideLayout;
			sourceTree = "<group>";
		};
		9F3D29741FFF7BB100B487A3 = {
			isa = PBXGroup;
			children = (
				9F0699F92001EE18000E3573 /* TJSlideLayout */,
				9F3D297F1FFF7BB100B487A3 /* TJSlideCardDemo */,
				9F3D297E1FFF7BB100B487A3 /* Products */,
			);
			sourceTree = "<group>";
		};
		9F3D297E1FFF7BB100B487A3 /* Products */ = {
			isa = PBXGroup;
			children = (
				9F3D297D1FFF7BB100B487A3 /* TJSlideCardDemo.app */,
			);
			name = Products;
			sourceTree = "<group>";
		};
		9F3D297F1FFF7BB100B487A3 /* TJSlideCardDemo */ = {
			isa = PBXGroup;
			children = (
				9F3D29801FFF7BB100B487A3 /* AppDelegate.h */,
				9F3D29811FFF7BB100B487A3 /* AppDelegate.m */,
				9F3D29961FFF7D0000B487A3 /* MainTableViewController.h */,
				9F3D29971FFF7D0000B487A3 /* MainTableViewController.m */,
				9F3D29991FFF7E7400B487A3 /* SlideCollectionViewController.h */,
				9F3D299A1FFF7E7400B487A3 /* SlideCollectionViewController.m */,
				9F3D29A01FFF7F8500B487A3 /* SlideCollectionViewCell.h */,
				9F3D29A11FFF7F8500B487A3 /* SlideCollectionViewCell.m */,
				9F3D29891FFF7BB100B487A3 /* Assets.xcassets */,
				9F3D298B1FFF7BB100B487A3 /* LaunchScreen.storyboard */,
				9F3D298E1FFF7BB100B487A3 /* Info.plist */,
				9F3D298F1FFF7BB100B487A3 /* main.m */,
			);
			path = TJSlideCardDemo;
			sourceTree = "<group>";
		};
/* End PBXGroup section */

/* Begin PBXNativeTarget section */
		9F3D297C1FFF7BB100B487A3 /* TJSlideCardDemo */ = {
			isa = PBXNativeTarget;
			buildConfigurationList = 9F3D29931FFF7BB100B487A3 /* Build configuration list for PBXNativeTarget "TJSlideCardDemo" */;
			buildPhases = (
				9F3D29791FFF7BB100B487A3 /* Sources */,
				9F3D297A1FFF7BB100B487A3 /* Frameworks */,
				9F3D297B1FFF7BB100B487A3 /* Resources */,
			);
			buildRules = (
			);
			dependencies = (
			);
			name = TJSlideCardDemo;
			productName = TJSlideCardDemo;
			productReference = 9F3D297D1FFF7BB100B487A3 /* TJSlideCardDemo.app */;
			productType = "com.apple.product-type.application";
		};
/* End PBXNativeTarget section */

/* Begin PBXProject section */
		9F3D29751FFF7BB100B487A3 /* Project object */ = {
			isa = PBXProject;
			attributes = {
				LastUpgradeCheck = 0910;
				ORGANIZATIONNAME = "";
				TargetAttributes = {
					9F3D297C1FFF7BB100B487A3 = {
						CreatedOnToolsVersion = 9.1;
						ProvisioningStyle = Automatic;
					};
				};
			};
			buildConfigurationList = 9F3D29781FFF7BB100B487A3 /* Build configuration list for PBXProject "TJSlideCardDemo" */;
			compatibilityVersion = "Xcode 8.0";
			developmentRegion = en;
			hasScannedForEncodings = 0;
			knownRegions = (
				en,
				Base,
			);
			mainGroup = 9F3D29741FFF7BB100B487A3;
			productRefGroup = 9F3D297E1FFF7BB100B487A3 /* Products */;
			projectDirPath = "";
			projectRoot = "";
			targets = (
				9F3D297C1FFF7BB100B487A3 /* TJSlideCardDemo */,
			);
		};
/* End PBXProject section */

/* Begin PBXResourcesBuildPhase section */
		9F3D297B1FFF7BB100B487A3 /* Resources */ = {
			isa = PBXResourcesBuildPhase;
			buildActionMask = 2147483647;
			files = (
				9F3D298D1FFF7BB100B487A3 /* LaunchScreen.storyboard in Resources */,
				9F3D298A1FFF7BB100B487A3 /* Assets.xcassets in Resources */,
			);
			runOnlyForDeploymentPostprocessing = 0;
		};
/* End PBXResourcesBuildPhase section */

/* Begin PBXSourcesBuildPhase section */
		9F3D29791FFF7BB100B487A3 /* Sources */ = {
			isa = PBXSourcesBuildPhase;
			buildActionMask = 2147483647;
			files = (
				9F3D29901FFF7BB100B487A3 /* main.m in Sources */,
				9F0699FC2001EE18000E3573 /* TJSlideLayout.m in Sources */,
				9F3D29821FFF7BB100B487A3 /* AppDelegate.m in Sources */,
				9F3D29A21FFF7F8500B487A3 /* SlideCollectionViewCell.m in Sources */,
				9F3D299B1FFF7E7400B487A3 /* SlideCollectionViewController.m in Sources */,
				9F3D29981FFF7D0000B487A3 /* MainTableViewController.m in Sources */,
			);
			runOnlyForDeploymentPostprocessing = 0;
		};
/* End PBXSourcesBuildPhase section */

/* Begin PBXVariantGroup section */
		9F3D298B1FFF7BB100B487A3 /* LaunchScreen.storyboard */ = {
			isa = PBXVariantGroup;
			children = (
				9F3D298C1FFF7BB100B487A3 /* Base */,
			);
			name = LaunchScreen.storyboard;
			sourceTree = "<group>";
		};
/* End PBXVariantGroup section */

/* Begin XCBuildConfiguration section */
		9F3D29911FFF7BB100B487A3 /* Debug */ = {
			isa = XCBuildConfiguration;
			buildSettings = {
				ALWAYS_SEARCH_USER_PATHS = NO;
				CLANG_ANALYZER_NONNULL = YES;
				CLANG_ANALYZER_NUMBER_OBJECT_CONVERSION = YES_AGGRESSIVE;
				CLANG_CXX_LANGUAGE_STANDARD = "gnu++14";
				CLANG_CXX_LIBRARY = "libc++";
				CLANG_ENABLE_MODULES = YES;
				CLANG_ENABLE_OBJC_ARC = YES;
				CLANG_WARN_BLOCK_CAPTURE_AUTORELEASING = YES;
				CLANG_WARN_BOOL_CONVERSION = YES;
				CLANG_WARN_COMMA = YES;
				CLANG_WARN_CONSTANT_CONVERSION = YES;
				CLANG_WARN_DIRECT_OBJC_ISA_USAGE = YES_ERROR;
				CLANG_WARN_DOCUMENTATION_COMMENTS = YES;
				CLANG_WARN_EMPTY_BODY = YES;
				CLANG_WARN_ENUM_CONVERSION = YES;
				CLANG_WARN_INFINITE_RECURSION = YES;
				CLANG_WARN_INT_CONVERSION = YES;
				CLANG_WARN_NON_LITERAL_NULL_CONVERSION = YES;
				CLANG_WARN_OBJC_LITERAL_CONVERSION = YES;
				CLANG_WARN_OBJC_ROOT_CLASS = YES_ERROR;
				CLANG_WARN_RANGE_LOOP_ANALYSIS = YES;
				CLANG_WARN_STRICT_PROTOTYPES = YES;
				CLANG_WARN_SUSPICIOUS_MOVE = YES;
				CLANG_WARN_UNGUARDED_AVAILABILITY = YES_AGGRESSIVE;
				CLANG_WARN_UNREACHABLE_CODE = YES;
				CLANG_WARN__DUPLICATE_METHOD_MATCH = YES;
				CODE_SIGN_IDENTITY = "iPhone Developer";
				COPY_PHASE_STRIP = NO;
				DEBUG_INFORMATION_FORMAT = dwarf;
				ENABLE_STRICT_OBJC_MSGSEND = YES;
				ENABLE_TESTABILITY = YES;
				GCC_C_LANGUAGE_STANDARD = gnu11;
				GCC_DYNAMIC_NO_PIC = NO;
				GCC_NO_COMMON_BLOCKS = YES;
				GCC_OPTIMIZATION_LEVEL = 0;
				GCC_PREPROCESSOR_DEFINITIONS = (
					"DEBUG=1",
					"$(inherited)",
				);
				GCC_WARN_64_TO_32_BIT_CONVERSION = YES;
				GCC_WARN_ABOUT_RETURN_TYPE = YES_ERROR;
				GCC_WARN_UNDECLARED_SELECTOR = YES;
				GCC_WARN_UNINITIALIZED_AUTOS = YES_AGGRESSIVE;
				GCC_WARN_UNUSED_FUNCTION = YES;
				GCC_WARN_UNUSED_VARIABLE = YES;
				IPHONEOS_DEPLOYMENT_TARGET = 11.1;
				MTL_ENABLE_DEBUG_INFO = YES;
				ONLY_ACTIVE_ARCH = YES;
				SDKROOT = iphoneos;
			};
			name = Debug;
		};
		9F3D29921FFF7BB100B487A3 /* Release */ = {
			isa = XCBuildConfiguration;
			buildSettings = {
				ALWAYS_SEARCH_USER_PATHS = NO;
				CLANG_ANALYZER_NONNULL = YES;
				CLANG_ANALYZER_NUMBER_OBJECT_CONVERSION = YES_AGGRESSIVE;
				CLANG_CXX_LANGUAGE_STANDARD = "gnu++14";
				CLANG_CXX_LIBRARY = "libc++";
				CLANG_ENABLE_MODULES = YES;
				CLANG_ENABLE_OBJC_ARC = YES;
				CLANG_WARN_BLOCK_CAPTURE_AUTORELEASING = YES;
				CLANG_WARN_BOOL_CONVERSION = YES;
				CLANG_WARN_COMMA = YES;
				CLANG_WARN_CONSTANT_CONVERSION = YES;
				CLANG_WARN_DIRECT_OBJC_ISA_USAGE = YES_ERROR;
				CLANG_WARN_DOCUMENTATION_COMMENTS = YES;
				CLANG_WARN_EMPTY_BODY = YES;
				CLANG_WARN_ENUM_CONVERSION = YES;
				CLANG_WARN_INFINITE_RECURSION = YES;
				CLANG_WARN_INT_CONVERSION = YES;
				CLANG_WARN_NON_LITERAL_NULL_CONVERSION = YES;
				CLANG_WARN_OBJC_LITERAL_CONVERSION = YES;
				CLANG_WARN_OBJC_ROOT_CLASS = YES_ERROR;
				CLANG_WARN_RANGE_LOOP_ANALYSIS = YES;
				CLANG_WARN_STRICT_PROTOTYPES = YES;
				CLANG_WARN_SUSPICIOUS_MOVE = YES;
				CLANG_WARN_UNGUARDED_AVAILABILITY = YES_AGGRESSIVE;
				CLANG_WARN_UNREACHABLE_CODE = YES;
				CLANG_WARN__DUPLICATE_METHOD_MATCH = YES;
				CODE_SIGN_IDENTITY = "iPhone Developer";
				COPY_PHASE_STRIP = NO;
				DEBUG_INFORMATION_FORMAT = "dwarf-with-dsym";
				ENABLE_NS_ASSERTIONS = NO;
				ENABLE_STRICT_OBJC_MSGSEND = YES;
				GCC_C_LANGUAGE_STANDARD = gnu11;
				GCC_NO_COMMON_BLOCKS = YES;
				GCC_WARN_64_TO_32_BIT_CONVERSION = YES;
				GCC_WARN_ABOUT_RETURN_TYPE = YES_ERROR;
				GCC_WARN_UNDECLARED_SELECTOR = YES;
				GCC_WARN_UNINITIALIZED_AUTOS = YES_AGGRESSIVE;
				GCC_WARN_UNUSED_FUNCTION = YES;
				GCC_WARN_UNUSED_VARIABLE = YES;
				IPHONEOS_DEPLOYMENT_TARGET = 11.1;
				MTL_ENABLE_DEBUG_INFO = NO;
				SDKROOT = iphoneos;
				VALIDATE_PRODUCT = YES;
			};
			name = Release;
		};
		9F3D29941FFF7BB100B487A3 /* Debug */ = {
			isa = XCBuildConfiguration;
			buildSettings = {
				ASSETCATALOG_COMPILER_APPICON_NAME = AppIcon;
				CODE_SIGN_STYLE = Automatic;
				INFOPLIST_FILE = TJSlideCardDemo/Info.plist;
				IPHONEOS_DEPLOYMENT_TARGET = 9.0;
				LD_RUNPATH_SEARCH_PATHS = "$(inherited) @executable_path/Frameworks";
				PRODUCT_BUNDLE_IDENTIFIER = apple.TJSlideCardDemo;
				PRODUCT_NAME = "$(TARGET_NAME)";
				TARGETED_DEVICE_FAMILY = "1,2";
			};
			name = Debug;
		};
		9F3D29951FFF7BB100B487A3 /* Release */ = {
			isa = XCBuildConfiguration;
			buildSettings = {
				ASSETCATALOG_COMPILER_APPICON_NAME = AppIcon;
				CODE_SIGN_STYLE = Automatic;
				INFOPLIST_FILE = TJSlideCardDemo/Info.plist;
				IPHONEOS_DEPLOYMENT_TARGET = 9.0;
				LD_RUNPATH_SEARCH_PATHS = "$(inherited) @executable_path/Frameworks";
				PRODUCT_BUNDLE_IDENTIFIER = apple.TJSlideCardDemo;
				PRODUCT_NAME = "$(TARGET_NAME)";
				TARGETED_DEVICE_FAMILY = "1,2";
			};
			name = Release;
		};
/* End XCBuildConfiguration section */

/* Begin XCConfigurationList section */
		9F3D29781FFF7BB100B487A3 /* Build configuration list for PBXProject "TJSlideCardDemo" */ = {
			isa = XCConfigurationList;
			buildConfigurations = (
				9F3D29911FFF7BB100B487A3 /* Debug */,
				9F3D29921FFF7BB100B487A3 /* Release */,
			);
			defaultConfigurationIsVisible = 0;
			defaultConfigurationName = Release;
		};
		9F3D29931FFF7BB100B487A3 /* Build configuration list for PBXNativeTarget "TJSlideCardDemo" */ = {
			isa = XCConfigurationList;
			buildConfigurations = (
				9F3D29941FFF7BB100B487A3 /* Debug */,
				9F3D29951FFF7BB100B487A3 /* Release */,
			);
			defaultConfigurationIsVisible = 0;
			defaultConfigurationName = Release;
		};
/* End XCConfigurationList section */
	};
	rootObject = 9F3D29751FFF7BB100B487A3 /* Project object */;
}
